
Microsoft Visual Studio Solution File, Format Version 12.00
# Visual Studio Version 17
VisualStudioVersion = 17.6.33723.286
MinimumVisualStudioVersion = 10.0.40219.1
Project("{2150E333-8FDC-42A3-9474-1A3956D46DE8}") = "Src", "Src", "{1F612A2F-9682-4BFA-A8A4-DC6635248B4A}"
EndProject
Project("{FAE04EC0-301F-11D3-BF4B-00C04F79EFBC}") = "Fitness.App.Api.Domain", "Src\Fitness.App.Api.Domain\Fitness.App.Api.Domain.csproj", "{6D567879-E749-4AAD-94ED-00762BB7F235}"
EndProject
Project("{FAE04EC0-301F-11D3-BF4B-00C04F79EFBC}") = "Fitness.App.Api.Persistence", "Src\Fitness.App.Api.Persistence\Fitness.App.Api.Persistence.csproj", "{67145A42-BD3D-4DCC-A00E-450AE6A59B78}"
EndProject
Project("{FAE04EC0-301F-11D3-BF4B-00C04F79EFBC}") = "Fitness.App.Api.Application", "Src\Fitness.App.Api.Application\Fitness.App.Api.Application.csproj", "{F568D14A-52E6-4096-9499-7E0C0941D9E6}"
EndProject
Project("{FAE04EC0-301F-11D3-BF4B-00C04F79EFBC}") = "Fitness.App.Api.Presentation", "Src\Fitness.App.Api.Presentation\Fitness.App.Api.Presentation.csproj", "{1486559C-3010-4DB1-AFD6-003C369D458A}"
EndProject
Global
	GlobalSection(SolutionConfigurationPlatforms) = preSolution
		Debug|Any CPU = Debug|Any CPU
		Release|Any CPU = Release|Any CPU
	EndGlobalSection
	GlobalSection(ProjectConfigurationPlatforms) = postSolution
		{6D567879-E749-4AAD-94ED-00762BB7F235}.Debug|Any CPU.ActiveCfg = Debug|Any CPU
		{6D567879-E749-4AAD-94ED-00762BB7F235}.Debug|Any CPU.Build.0 = Debug|Any CPU
		{6D567879-E749-4AAD-94ED-00762BB7F235}.Release|Any CPU.ActiveCfg = Release|Any CPU
		{6D567879-E749-4AAD-94ED-00762BB7F235}.Release|Any CPU.Build.0 = Release|Any CPU
		{67145A42-BD3D-4DCC-A00E-450AE6A59B78}.Debug|Any CPU.ActiveCfg = Debug|Any CPU
		{67145A42-BD3D-4DCC-A00E-450AE6A59B78}.Debug|Any CPU.Build.0 = Debug|Any CPU
		{67145A42-BD3D-4DCC-A00E-450AE6A59B78}.Release|Any CPU.ActiveCfg = Release|Any CPU
		{67145A42-BD3D-4DCC-A00E-450AE6A59B78}.Release|Any CPU.Build.0 = Release|Any CPU
		{F568D14A-52E6-4096-9499-7E0C0941D9E6}.Debug|Any CPU.ActiveCfg = Debug|Any CPU
		{F568D14A-52E6-4096-9499-7E0C0941D9E6}.Debug|Any CPU.Build.0 = Debug|Any CPU
		{F568D14A-52E6-4096-9499-7E0C0941D9E6}.Release|Any CPU.ActiveCfg = Release|Any CPU
		{F568D14A-52E6-4096-9499-7E0C0941D9E6}.Release|Any CPU.Build.0 = Release|Any CPU
		{1486559C-3010-4DB1-AFD6-003C369D458A}.Debug|Any CPU.ActiveCfg = Debug|Any CPU
		{1486559C-3010-4DB1-AFD6-003C369D458A}.Debug|Any CPU.Build.0 = Debug|Any CPU
		{1486559C-3010-4DB1-AFD6-003C369D458A}.Release|Any CPU.ActiveCfg = Release|Any CPU
		{1486559C-3010-4DB1-AFD6-003C369D458A}.Release|Any CPU.Build.0 = Release|Any CPU
	EndGlobalSection
	GlobalSection(SolutionProperties) = preSolution
		HideSolutionNode = FALSE
	EndGlobalSection
	GlobalSection(NestedProjects) = preSolution
		{6D567879-E749-4AAD-94ED-00762BB7F235} = {1F612A2F-9682-4BFA-A8A4-DC6635248B4A}
		{67145A42-BD3D-4DCC-A00E-450AE6A59B78} = {1F612A2F-9682-4BFA-A8A4-DC6635248B4A}
		{F568D14A-52E6-4096-9499-7E0C0941D9E6} = {1F612A2F-9682-4BFA-A8A4-DC6635248B4A}
		{1486559C-3010-4DB1-AFD6-003C369D458A} = {1F612A2F-9682-4BFA-A8A4-DC6635248B4A}
	EndGlobalSection
	GlobalSection(ExtensibilityGlobals) = postSolution
		SolutionGuid = {BA1FD686-AEE0-4411-9922-91D4B416CEE4}
	EndGlobalSection
EndGlobal
